
Microsoft Visual Studio Solution File, Format Version 12.00
# Visual Studio Version 17
VisualStudioVersion = 17.7.34031.279
MinimumVisualStudioVersion = 10.0.40219.1
Project("{FAE04EC0-301F-11D3-BF4B-00C04F79EFBC}") = "QLSach", "QLSach\QLSach.csproj", "{86CC4242-E358-4FF7-AFCB-078DAB28A286}"
EndProject
Global
	GlobalSection(SolutionConfigurationPlatforms) = preSolution
		Debug|Any CPU = Debug|Any CPU
		Release|Any CPU = Release|Any CPU
	EndGlobalSection
	GlobalSection(ProjectConfigurationPlatforms) = postSolution
		{86CC4242-E358-4FF7-AFCB-078DAB28A286}.Debug|Any CPU.ActiveCfg = Debug|Any CPU
		{86CC4242-E358-4FF7-AFCB-078DAB28A286}.Debug|Any CPU.Build.0 = Debug|Any CPU
		{86CC4242-E358-4FF7-AFCB-078DAB28A286}.Release|Any CPU.ActiveCfg = Release|Any CPU
		{86CC4242-E358-4FF7-AFCB-078DAB28A286}.Release|Any CPU.Build.0 = Release|Any CPU
	EndGlobalSection
	GlobalSection(SolutionProperties) = preSolution
		HideSolutionNode = FALSE
	EndGlobalSection
	GlobalSection(ExtensibilityGlobals) = postSolution
		SolutionGuid = {525B0CFE-2D41-40C4-80D1-4D5939A177D2}
	EndGlobalSection
EndGlobal
